
Microsoft Visual Studio Solution File, Format Version 12.00
# Visual Studio Version 17
VisualStudioVersion = 17.4.33213.308
MinimumVisualStudioVersion = 10.0.40219.1
Project("{2150E333-8FDC-42A3-9474-1A3956D46DE8}") = "Core", "Core", "{2A7A4C78-E0C6-4977-A471-DD95429972E3}"
EndProject
Project("{9A19103F-16F7-4668-BE54-9A1E7A4F7556}") = "ETicaretAPI.Domain", "Core\ETicaretAPI.Domain\ETicaretAPI.Domain.csproj", "{7214DC9A-B729-4D89-8433-A1DB5978B8B8}"
EndProject
Project("{9A19103F-16F7-4668-BE54-9A1E7A4F7556}") = "ETicaretAPI.Application", "Core\ETicaretAPI.Application\ETicaretAPI.Application.csproj", "{ACCD22A8-7F84-4849-8958-676AD1826C28}"
EndProject
Project("{2150E333-8FDC-42A3-9474-1A3956D46DE8}") = "Infrastructure", "Infrastructure", "{217FCA7E-C9DA-48A8-9B08-EE62026036C5}"
EndProject
Project("{9A19103F-16F7-4668-BE54-9A1E7A4F7556}") = "ETicaretAPI.Infrastructure", "Infrastructure\ETicaretAPI.Infrastructure\ETicaretAPI.Infrastructure.csproj", "{C652ABAC-81F6-450E-B5D1-08BD5401676C}"
EndProject
Project("{9A19103F-16F7-4668-BE54-9A1E7A4F7556}") = "ETicaretAPI.Persistence", "Infrastructure\ETicaretAPI.Persistance\ETicaretAPI.Persistence.csproj", "{8272299E-7DC9-4734-86CA-65DFC9CC91AC}"
EndProject
Project("{2150E333-8FDC-42A3-9474-1A3956D46DE8}") = "Presentation", "Presentation", "{718CF4A9-F5BF-491E-9F52-B470436A5A0B}"
EndProject
Project("{9A19103F-16F7-4668-BE54-9A1E7A4F7556}") = "ETicaretAPI.API", "Presentation\ETicaretAPI.API\ETicaretAPI.API.csproj", "{34BF72AC-8367-4D8E-816C-AF9D22B91A8F}"
EndProject
Global
	GlobalSection(SolutionConfigurationPlatforms) = preSolution
		Debug|Any CPU = Debug|Any CPU
		Release|Any CPU = Release|Any CPU
	EndGlobalSection
	GlobalSection(ProjectConfigurationPlatforms) = postSolution
		{7214DC9A-B729-4D89-8433-A1DB5978B8B8}.Debug|Any CPU.ActiveCfg = Debug|Any CPU
		{7214DC9A-B729-4D89-8433-A1DB5978B8B8}.Debug|Any CPU.Build.0 = Debug|Any CPU
		{7214DC9A-B729-4D89-8433-A1DB5978B8B8}.Release|Any CPU.ActiveCfg = Release|Any CPU
		{7214DC9A-B729-4D89-8433-A1DB5978B8B8}.Release|Any CPU.Build.0 = Release|Any CPU
		{ACCD22A8-7F84-4849-8958-676AD1826C28}.Debug|Any CPU.ActiveCfg = Debug|Any CPU
		{ACCD22A8-7F84-4849-8958-676AD1826C28}.Debug|Any CPU.Build.0 = Debug|Any CPU
		{ACCD22A8-7F84-4849-8958-676AD1826C28}.Release|Any CPU.ActiveCfg = Release|Any CPU
		{ACCD22A8-7F84-4849-8958-676AD1826C28}.Release|Any CPU.Build.0 = Release|Any CPU
		{C652ABAC-81F6-450E-B5D1-08BD5401676C}.Debug|Any CPU.ActiveCfg = Debug|Any CPU
		{C652ABAC-81F6-450E-B5D1-08BD5401676C}.Debug|Any CPU.Build.0 = Debug|Any CPU
		{C652ABAC-81F6-450E-B5D1-08BD5401676C}.Release|Any CPU.ActiveCfg = Release|Any CPU
		{C652ABAC-81F6-450E-B5D1-08BD5401676C}.Release|Any CPU.Build.0 = Release|Any CPU
		{8272299E-7DC9-4734-86CA-65DFC9CC91AC}.Debug|Any CPU.ActiveCfg = Debug|Any CPU
		{8272299E-7DC9-4734-86CA-65DFC9CC91AC}.Debug|Any CPU.Build.0 = Debug|Any CPU
		{8272299E-7DC9-4734-86CA-65DFC9CC91AC}.Release|Any CPU.ActiveCfg = Release|Any CPU
		{8272299E-7DC9-4734-86CA-65DFC9CC91AC}.Release|Any CPU.Build.0 = Release|Any CPU
		{34BF72AC-8367-4D8E-816C-AF9D22B91A8F}.Debug|Any CPU.ActiveCfg = Debug|Any CPU
		{34BF72AC-8367-4D8E-816C-AF9D22B91A8F}.Debug|Any CPU.Build.0 = Debug|Any CPU
		{34BF72AC-8367-4D8E-816C-AF9D22B91A8F}.Release|Any CPU.ActiveCfg = Release|Any CPU
		{34BF72AC-8367-4D8E-816C-AF9D22B91A8F}.Release|Any CPU.Build.0 = Release|Any CPU
	EndGlobalSection
	GlobalSection(SolutionProperties) = preSolution
		HideSolutionNode = FALSE
	EndGlobalSection
	GlobalSection(NestedProjects) = preSolution
		{7214DC9A-B729-4D89-8433-A1DB5978B8B8} = {2A7A4C78-E0C6-4977-A471-DD95429972E3}
		{ACCD22A8-7F84-4849-8958-676AD1826C28} = {2A7A4C78-E0C6-4977-A471-DD95429972E3}
		{C652ABAC-81F6-450E-B5D1-08BD5401676C} = {217FCA7E-C9DA-48A8-9B08-EE62026036C5}
		{8272299E-7DC9-4734-86CA-65DFC9CC91AC} = {217FCA7E-C9DA-48A8-9B08-EE62026036C5}
		{34BF72AC-8367-4D8E-816C-AF9D22B91A8F} = {718CF4A9-F5BF-491E-9F52-B470436A5A0B}
	EndGlobalSection
	GlobalSection(ExtensibilityGlobals) = postSolution
		SolutionGuid = {C7EF7E7E-8F12-445A-B7DE-608E35BE04B0}
	EndGlobalSection
EndGlobal
